
Microsoft Visual Studio Solution File, Format Version 12.00
# Visual Studio 15
VisualStudioVersion = 15.0.26124.0
MinimumVisualStudioVersion = 15.0.26124.0
Project("{FAE04EC0-301F-11D3-BF4B-00C04F79EFBC}") = "Meta.TI.Api", "Meta.TI.Api\Meta.TI.Api.csproj", "{168022F7-E98E-40D5-A4EF-25DB53271749}"
EndProject
Project("{FAE04EC0-301F-11D3-BF4B-00C04F79EFBC}") = "Meta.TI.Domain", "Meta.TI.Domain\Meta.TI.Domain.csproj", "{BA388C47-8604-49B8-BD04-0B96D7D22E36}"
EndProject
Project("{FAE04EC0-301F-11D3-BF4B-00C04F79EFBC}") = "Meta.TI.Infra", "Meta.TI.Infra\Meta.TI.Infra.csproj", "{7A846ED9-BD32-4E05-9E59-F25E947926D5}"
EndProject
Global
	GlobalSection(SolutionConfigurationPlatforms) = preSolution
		Debug|Any CPU = Debug|Any CPU
		Debug|x64 = Debug|x64
		Debug|x86 = Debug|x86
		Release|Any CPU = Release|Any CPU
		Release|x64 = Release|x64
		Release|x86 = Release|x86
	EndGlobalSection
	GlobalSection(SolutionProperties) = preSolution
		HideSolutionNode = FALSE
	EndGlobalSection
	GlobalSection(ProjectConfigurationPlatforms) = postSolution
		{168022F7-E98E-40D5-A4EF-25DB53271749}.Debug|Any CPU.ActiveCfg = Debug|Any CPU
		{168022F7-E98E-40D5-A4EF-25DB53271749}.Debug|Any CPU.Build.0 = Debug|Any CPU
		{168022F7-E98E-40D5-A4EF-25DB53271749}.Debug|x64.ActiveCfg = Debug|Any CPU
		{168022F7-E98E-40D5-A4EF-25DB53271749}.Debug|x64.Build.0 = Debug|Any CPU
		{168022F7-E98E-40D5-A4EF-25DB53271749}.Debug|x86.ActiveCfg = Debug|Any CPU
		{168022F7-E98E-40D5-A4EF-25DB53271749}.Debug|x86.Build.0 = Debug|Any CPU
		{168022F7-E98E-40D5-A4EF-25DB53271749}.Release|Any CPU.ActiveCfg = Release|Any CPU
		{168022F7-E98E-40D5-A4EF-25DB53271749}.Release|Any CPU.Build.0 = Release|Any CPU
		{168022F7-E98E-40D5-A4EF-25DB53271749}.Release|x64.ActiveCfg = Release|Any CPU
		{168022F7-E98E-40D5-A4EF-25DB53271749}.Release|x64.Build.0 = Release|Any CPU
		{168022F7-E98E-40D5-A4EF-25DB53271749}.Release|x86.ActiveCfg = Release|Any CPU
		{168022F7-E98E-40D5-A4EF-25DB53271749}.Release|x86.Build.0 = Release|Any CPU
		{BA388C47-8604-49B8-BD04-0B96D7D22E36}.Debug|Any CPU.ActiveCfg = Debug|Any CPU
		{BA388C47-8604-49B8-BD04-0B96D7D22E36}.Debug|Any CPU.Build.0 = Debug|Any CPU
		{BA388C47-8604-49B8-BD04-0B96D7D22E36}.Debug|x64.ActiveCfg = Debug|Any CPU
		{BA388C47-8604-49B8-BD04-0B96D7D22E36}.Debug|x64.Build.0 = Debug|Any CPU
		{BA388C47-8604-49B8-BD04-0B96D7D22E36}.Debug|x86.ActiveCfg = Debug|Any CPU
		{BA388C47-8604-49B8-BD04-0B96D7D22E36}.Debug|x86.Build.0 = Debug|Any CPU
		{BA388C47-8604-49B8-BD04-0B96D7D22E36}.Release|Any CPU.ActiveCfg = Release|Any CPU
		{BA388C47-8604-49B8-BD04-0B96D7D22E36}.Release|Any CPU.Build.0 = Release|Any CPU
		{BA388C47-8604-49B8-BD04-0B96D7D22E36}.Release|x64.ActiveCfg = Release|Any CPU
		{BA388C47-8604-49B8-BD04-0B96D7D22E36}.Release|x64.Build.0 = Release|Any CPU
		{BA388C47-8604-49B8-BD04-0B96D7D22E36}.Release|x86.ActiveCfg = Release|Any CPU
		{BA388C47-8604-49B8-BD04-0B96D7D22E36}.Release|x86.Build.0 = Release|Any CPU
		{7A846ED9-BD32-4E05-9E59-F25E947926D5}.Debug|Any CPU.ActiveCfg = Debug|Any CPU
		{7A846ED9-BD32-4E05-9E59-F25E947926D5}.Debug|Any CPU.Build.0 = Debug|Any CPU
		{7A846ED9-BD32-4E05-9E59-F25E947926D5}.Debug|x64.ActiveCfg = Debug|Any CPU
		{7A846ED9-BD32-4E05-9E59-F25E947926D5}.Debug|x64.Build.0 = Debug|Any CPU
		{7A846ED9-BD32-4E05-9E59-F25E947926D5}.Debug|x86.ActiveCfg = Debug|Any CPU
		{7A846ED9-BD32-4E05-9E59-F25E947926D5}.Debug|x86.Build.0 = Debug|Any CPU
		{7A846ED9-BD32-4E05-9E59-F25E947926D5}.Release|Any CPU.ActiveCfg = Release|Any CPU
		{7A846ED9-BD32-4E05-9E59-F25E947926D5}.Release|Any CPU.Build.0 = Release|Any CPU
		{7A846ED9-BD32-4E05-9E59-F25E947926D5}.Release|x64.ActiveCfg = Release|Any CPU
		{7A846ED9-BD32-4E05-9E59-F25E947926D5}.Release|x64.Build.0 = Release|Any CPU
		{7A846ED9-BD32-4E05-9E59-F25E947926D5}.Release|x86.ActiveCfg = Release|Any CPU
		{7A846ED9-BD32-4E05-9E59-F25E947926D5}.Release|x86.Build.0 = Release|Any CPU
	EndGlobalSection
EndGlobal
