
Microsoft Visual Studio Solution File, Format Version 12.00
# Visual Studio Version 16
VisualStudioVersion = 16.0.30523.141
MinimumVisualStudioVersion = 10.0.40219.1
Project("{FAE04EC0-301F-11D3-BF4B-00C04F79EFBC}") = "RoboNotificacoesFirebase", "RoboNotificacoesFirebase\RoboNotificacoesFirebase.csproj", "{F488CB7D-33AB-4DD2-9C68-715F81F2AE83}"
EndProject
Global
	GlobalSection(SolutionConfigurationPlatforms) = preSolution
		Debug|Any CPU = Debug|Any CPU
		Release|Any CPU = Release|Any CPU
	EndGlobalSection
	GlobalSection(ProjectConfigurationPlatforms) = postSolution
		{F488CB7D-33AB-4DD2-9C68-715F81F2AE83}.Debug|Any CPU.ActiveCfg = Debug|Any CPU
		{F488CB7D-33AB-4DD2-9C68-715F81F2AE83}.Debug|Any CPU.Build.0 = Debug|Any CPU
		{F488CB7D-33AB-4DD2-9C68-715F81F2AE83}.Release|Any CPU.ActiveCfg = Release|Any CPU
		{F488CB7D-33AB-4DD2-9C68-715F81F2AE83}.Release|Any CPU.Build.0 = Release|Any CPU
	EndGlobalSection
	GlobalSection(SolutionProperties) = preSolution
		HideSolutionNode = FALSE
	EndGlobalSection
	GlobalSection(ExtensibilityGlobals) = postSolution
		SolutionGuid = {7B166DC7-7BE0-4ACC-B0F7-EC9CE4C683D4}
	EndGlobalSection
EndGlobal
